{
  "name": "sql_create_generator",
  "version": "1.0.0",
  "lockfileVersion": 3,
  "requires": true,
  "packages": {
    "": {
      "name": "sql_create_generator",
      "version": "1.0.0",
      "license": "MIT",
      "dependencies": {
        "docker-names": "^1.2.1"
      }
    },
    "node_modules/docker-names": {
      "version": "1.2.1",
      "resolved": "https://registry.npmjs.org/docker-names/-/docker-names-1.2.1.tgz",
      "integrity": "sha512-uh42tvWBp10fnMyJ9z0YL9kql+iolxEnQ+pGZANj+gcg/N2NxjrdHbMXT2Y2Y07A8Jf7KJp/6LkElPCfukCdWg=="
    }
  }
}
